
Microsoft Visual Studio Solution File, Format Version 12.00
# Visual Studio Version 16
VisualStudioVersion = 16.0.34301.259
MinimumVisualStudioVersion = 10.0.40219.1
Project("{FAE04EC0-301F-11D3-BF4B-00C04F79EFBC}") = "NewYearGame.Android", "NewYearGame\NewYearGame.Android\NewYearGame.Android.csproj", "{5CA57708-84A8-41D9-9D1B-F33A963D05E0}"
EndProject
Project("{FAE04EC0-301F-11D3-BF4B-00C04F79EFBC}") = "NewYearGame", "NewYearGame\NewYearGame\NewYearGame.csproj", "{5B972D26-39CD-4C1D-AC79-19492BA7EC96}"
EndProject
Global
	GlobalSection(SolutionConfigurationPlatforms) = preSolution
		Debug|Any CPU = Debug|Any CPU
		Release|Any CPU = Release|Any CPU
	EndGlobalSection
	GlobalSection(ProjectConfigurationPlatforms) = postSolution
		{5CA57708-84A8-41D9-9D1B-F33A963D05E0}.Debug|Any CPU.ActiveCfg = Debug|Any CPU
		{5CA57708-84A8-41D9-9D1B-F33A963D05E0}.Debug|Any CPU.Build.0 = Debug|Any CPU
		{5CA57708-84A8-41D9-9D1B-F33A963D05E0}.Debug|Any CPU.Deploy.0 = Debug|Any CPU
		{5CA57708-84A8-41D9-9D1B-F33A963D05E0}.Release|Any CPU.ActiveCfg = Release|Any CPU
		{5CA57708-84A8-41D9-9D1B-F33A963D05E0}.Release|Any CPU.Build.0 = Release|Any CPU
		{5CA57708-84A8-41D9-9D1B-F33A963D05E0}.Release|Any CPU.Deploy.0 = Release|Any CPU
		{5B972D26-39CD-4C1D-AC79-19492BA7EC96}.Debug|Any CPU.ActiveCfg = Debug|Any CPU
		{5B972D26-39CD-4C1D-AC79-19492BA7EC96}.Debug|Any CPU.Build.0 = Debug|Any CPU
		{5B972D26-39CD-4C1D-AC79-19492BA7EC96}.Debug|Any CPU.Deploy.0 = Debug|Any CPU
		{5B972D26-39CD-4C1D-AC79-19492BA7EC96}.Release|Any CPU.ActiveCfg = Release|Any CPU
		{5B972D26-39CD-4C1D-AC79-19492BA7EC96}.Release|Any CPU.Build.0 = Release|Any CPU
		{5B972D26-39CD-4C1D-AC79-19492BA7EC96}.Release|Any CPU.Deploy.0 = Release|Any CPU
	EndGlobalSection
	GlobalSection(SolutionProperties) = preSolution
		HideSolutionNode = FALSE
	EndGlobalSection
	GlobalSection(ExtensibilityGlobals) = postSolution
		SolutionGuid = {FEA554B5-32CD-4B28-9459-35A25A158948}
	EndGlobalSection
EndGlobal
